
Microsoft Visual Studio Solution File, Format Version 12.00
# Visual Studio Version 17
VisualStudioVersion = 17.14.36414.22 d17.14
MinimumVisualStudioVersion = 10.0.40219.1
Project("{FAE04EC0-301F-11D3-BF4B-00C04F79EFBC}") = "game", "game.csproj", "{B9FA229E-E579-43D9-A46C-7172F337EC18}"
EndProject
Global
	GlobalSection(SolutionConfigurationPlatforms) = preSolution
		Debug|Any CPU = Debug|Any CPU
		Release|Any CPU = Release|Any CPU
	EndGlobalSection
	GlobalSection(ProjectConfigurationPlatforms) = postSolution
		{B9FA229E-E579-43D9-A46C-7172F337EC18}.Debug|Any CPU.ActiveCfg = Debug|Any CPU
		{B9FA229E-E579-43D9-A46C-7172F337EC18}.Debug|Any CPU.Build.0 = Debug|Any CPU
		{B9FA229E-E579-43D9-A46C-7172F337EC18}.Release|Any CPU.ActiveCfg = Release|Any CPU
		{B9FA229E-E579-43D9-A46C-7172F337EC18}.Release|Any CPU.Build.0 = Release|Any CPU
	EndGlobalSection
	GlobalSection(SolutionProperties) = preSolution
		HideSolutionNode = FALSE
	EndGlobalSection
	GlobalSection(ExtensibilityGlobals) = postSolution
		SolutionGuid = {8294A083-84FF-4909-B657-0B95A11A50BC}
	EndGlobalSection
EndGlobal
